
Microsoft Visual Studio Solution File, Format Version 12.00
# Visual Studio Version 17
VisualStudioVersion = 17.0.31903.59
MinimumVisualStudioVersion = 10.0.40219.1
Project("{2150E333-8FDC-42A3-9474-1A3956D46DE8}") = "src", "src", "{827E0CD3-B72D-47B6-A68D-7590B98EB39B}"
EndProject
Project("{2150E333-8FDC-42A3-9474-1A3956D46DE8}") = "Backend", "Backend", "{FE360695-3F2B-1049-3887-35FBB5135923}"
EndProject
Project("{FAE04EC0-301F-11D3-BF4B-00C04F79EFBC}") = "EnglishMaster.Api", "src\Backend\EnglishMaster.Api\EnglishMaster.Api.csproj", "{3F109E7C-D553-4A91-8710-B11BD28900A3}"
EndProject
Project("{FAE04EC0-301F-11D3-BF4B-00C04F79EFBC}") = "EnglishMaster.Domain", "src\Backend\EnglishMaster.Domain\EnglishMaster.Domain.csproj", "{57CC91BD-F083-4A78-A45B-EA2C92333CB7}"
EndProject
Project("{FAE04EC0-301F-11D3-BF4B-00C04F79EFBC}") = "EnglishMaster.Application", "src\Backend\EnglishMaster.Application\EnglishMaster.Application.csproj", "{7B12FE7B-C85F-4EF1-8373-D8F68A836B28}"
EndProject
Project("{FAE04EC0-301F-11D3-BF4B-00C04F79EFBC}") = "EnglishMaster.Infrastructure", "src\Backend\EnglishMaster.Infrastructure\EnglishMaster.Infrastructure.csproj", "{E10DA761-4291-429E-913B-8154F451034F}"
EndProject
Project("{FAE04EC0-301F-11D3-BF4B-00C04F79EFBC}") = "EnglishMaster.Contracts", "src\Backend\EnglishMaster.Contracts\EnglishMaster.Contracts.csproj", "{D8412868-F6BA-4511-9502-C3672635F554}"
EndProject
Project("{FAE04EC0-301F-11D3-BF4B-00C04F79EFBC}") = "EnglishMaster.Shared", "src\Backend\EnglishMaster.Shared\EnglishMaster.Shared.csproj", "{C8AAF5CA-6C8B-427C-8EFC-459931B92B73}"
EndProject
Project("{FAE04EC0-301F-11D3-BF4B-00C04F79EFBC}") = "EnglishMaster.Web", "src\Frontend\EnglishMaster.Web\EnglishMaster.Web.csproj", "{9DFE78DE-B04E-43AC-A4EC-9768A4E09C8E}"
EndProject
Project("{FAE04EC0-301F-11D3-BF4B-00C04F79EFBC}") = "EnglishMaster.UnitTests", "tests\EnglishMaster.UnitTests\EnglishMaster.UnitTests.csproj", "{9CD533F2-870B-44B0-863F-EECD31CB78C5}"
EndProject
Project("{FAE04EC0-301F-11D3-BF4B-00C04F79EFBC}") = "EnglishMaster.IntegrationTests", "tests\EnglishMaster.IntegrationTests\EnglishMaster.IntegrationTests.csproj", "{2C1789B6-0E37-4571-A3E5-B2BCEB4C3F31}"
EndProject
Project("{FAE04EC0-301F-11D3-BF4B-00C04F79EFBC}") = "EnglishMaster.ArchitectureTests", "tests\EnglishMaster.ArchitectureTests\EnglishMaster.ArchitectureTests.csproj", "{233DD0EB-9734-4D00-AF1F-FEAC72013CD0}"
EndProject
Global
	GlobalSection(SolutionConfigurationPlatforms) = preSolution
		Debug|Any CPU = Debug|Any CPU
		Debug|x64 = Debug|x64
		Debug|x86 = Debug|x86
		Release|Any CPU = Release|Any CPU
		Release|x64 = Release|x64
		Release|x86 = Release|x86
	EndGlobalSection
	GlobalSection(ProjectConfigurationPlatforms) = postSolution
		{3F109E7C-D553-4A91-8710-B11BD28900A3}.Debug|Any CPU.ActiveCfg = Debug|Any CPU
		{3F109E7C-D553-4A91-8710-B11BD28900A3}.Debug|Any CPU.Build.0 = Debug|Any CPU
		{3F109E7C-D553-4A91-8710-B11BD28900A3}.Debug|x64.ActiveCfg = Debug|Any CPU
		{3F109E7C-D553-4A91-8710-B11BD28900A3}.Debug|x64.Build.0 = Debug|Any CPU
		{3F109E7C-D553-4A91-8710-B11BD28900A3}.Debug|x86.ActiveCfg = Debug|Any CPU
		{3F109E7C-D553-4A91-8710-B11BD28900A3}.Debug|x86.Build.0 = Debug|Any CPU
		{3F109E7C-D553-4A91-8710-B11BD28900A3}.Release|Any CPU.ActiveCfg = Release|Any CPU
		{3F109E7C-D553-4A91-8710-B11BD28900A3}.Release|Any CPU.Build.0 = Release|Any CPU
		{3F109E7C-D553-4A91-8710-B11BD28900A3}.Release|x64.ActiveCfg = Release|Any CPU
		{3F109E7C-D553-4A91-8710-B11BD28900A3}.Release|x64.Build.0 = Release|Any CPU
		{3F109E7C-D553-4A91-8710-B11BD28900A3}.Release|x86.ActiveCfg = Release|Any CPU
		{3F109E7C-D553-4A91-8710-B11BD28900A3}.Release|x86.Build.0 = Release|Any CPU
		{57CC91BD-F083-4A78-A45B-EA2C92333CB7}.Debug|Any CPU.ActiveCfg = Debug|Any CPU
		{57CC91BD-F083-4A78-A45B-EA2C92333CB7}.Debug|Any CPU.Build.0 = Debug|Any CPU
		{57CC91BD-F083-4A78-A45B-EA2C92333CB7}.Debug|x64.ActiveCfg = Debug|Any CPU
		{57CC91BD-F083-4A78-A45B-EA2C92333CB7}.Debug|x64.Build.0 = Debug|Any CPU
		{57CC91BD-F083-4A78-A45B-EA2C92333CB7}.Debug|x86.ActiveCfg = Debug|Any CPU
		{57CC91BD-F083-4A78-A45B-EA2C92333CB7}.Debug|x86.Build.0 = Debug|Any CPU
		{57CC91BD-F083-4A78-A45B-EA2C92333CB7}.Release|Any CPU.ActiveCfg = Release|Any CPU
		{57CC91BD-F083-4A78-A45B-EA2C92333CB7}.Release|Any CPU.Build.0 = Release|Any CPU
		{57CC91BD-F083-4A78-A45B-EA2C92333CB7}.Release|x64.ActiveCfg = Release|Any CPU
		{57CC91BD-F083-4A78-A45B-EA2C92333CB7}.Release|x64.Build.0 = Release|Any CPU
		{57CC91BD-F083-4A78-A45B-EA2C92333CB7}.Release|x86.ActiveCfg = Release|Any CPU
		{57CC91BD-F083-4A78-A45B-EA2C92333CB7}.Release|x86.Build.0 = Release|Any CPU
		{7B12FE7B-C85F-4EF1-8373-D8F68A836B28}.Debug|Any CPU.ActiveCfg = Debug|Any CPU
		{7B12FE7B-C85F-4EF1-8373-D8F68A836B28}.Debug|Any CPU.Build.0 = Debug|Any CPU
		{7B12FE7B-C85F-4EF1-8373-D8F68A836B28}.Debug|x64.ActiveCfg = Debug|Any CPU
		{7B12FE7B-C85F-4EF1-8373-D8F68A836B28}.Debug|x64.Build.0 = Debug|Any CPU
		{7B12FE7B-C85F-4EF1-8373-D8F68A836B28}.Debug|x86.ActiveCfg = Debug|Any CPU
		{7B12FE7B-C85F-4EF1-8373-D8F68A836B28}.Debug|x86.Build.0 = Debug|Any CPU
		{7B12FE7B-C85F-4EF1-8373-D8F68A836B28}.Release|Any CPU.ActiveCfg = Release|Any CPU
		{7B12FE7B-C85F-4EF1-8373-D8F68A836B28}.Release|Any CPU.Build.0 = Release|Any CPU
		{7B12FE7B-C85F-4EF1-8373-D8F68A836B28}.Release|x64.ActiveCfg = Release|Any CPU
		{7B12FE7B-C85F-4EF1-8373-D8F68A836B28}.Release|x64.Build.0 = Release|Any CPU
		{7B12FE7B-C85F-4EF1-8373-D8F68A836B28}.Release|x86.ActiveCfg = Release|Any CPU
		{7B12FE7B-C85F-4EF1-8373-D8F68A836B28}.Release|x86.Build.0 = Release|Any CPU
		{E10DA761-4291-429E-913B-8154F451034F}.Debug|Any CPU.ActiveCfg = Debug|Any CPU
		{E10DA761-4291-429E-913B-8154F451034F}.Debug|Any CPU.Build.0 = Debug|Any CPU
		{E10DA761-4291-429E-913B-8154F451034F}.Debug|x64.ActiveCfg = Debug|Any CPU
		{E10DA761-4291-429E-913B-8154F451034F}.Debug|x64.Build.0 = Debug|Any CPU
		{E10DA761-4291-429E-913B-8154F451034F}.Debug|x86.ActiveCfg = Debug|Any CPU
		{E10DA761-4291-429E-913B-8154F451034F}.Debug|x86.Build.0 = Debug|Any CPU
		{E10DA761-4291-429E-913B-8154F451034F}.Release|Any CPU.ActiveCfg = Release|Any CPU
		{E10DA761-4291-429E-913B-8154F451034F}.Release|Any CPU.Build.0 = Release|Any CPU
		{E10DA761-4291-429E-913B-8154F451034F}.Release|x64.ActiveCfg = Release|Any CPU
		{E10DA761-4291-429E-913B-8154F451034F}.Release|x64.Build.0 = Release|Any CPU
		{E10DA761-4291-429E-913B-8154F451034F}.Release|x86.ActiveCfg = Release|Any CPU
		{E10DA761-4291-429E-913B-8154F451034F}.Release|x86.Build.0 = Release|Any CPU
		{D8412868-F6BA-4511-9502-C3672635F554}.Debug|Any CPU.ActiveCfg = Debug|Any CPU
		{D8412868-F6BA-4511-9502-C3672635F554}.Debug|Any CPU.Build.0 = Debug|Any CPU
		{D8412868-F6BA-4511-9502-C3672635F554}.Debug|x64.ActiveCfg = Debug|Any CPU
		{D8412868-F6BA-4511-9502-C3672635F554}.Debug|x64.Build.0 = Debug|Any CPU
		{D8412868-F6BA-4511-9502-C3672635F554}.Debug|x86.ActiveCfg = Debug|Any CPU
		{D8412868-F6BA-4511-9502-C3672635F554}.Debug|x86.Build.0 = Debug|Any CPU
		{D8412868-F6BA-4511-9502-C3672635F554}.Release|Any CPU.ActiveCfg = Release|Any CPU
		{D8412868-F6BA-4511-9502-C3672635F554}.Release|Any CPU.Build.0 = Release|Any CPU
		{D8412868-F6BA-4511-9502-C3672635F554}.Release|x64.ActiveCfg = Release|Any CPU
		{D8412868-F6BA-4511-9502-C3672635F554}.Release|x64.Build.0 = Release|Any CPU
		{D8412868-F6BA-4511-9502-C3672635F554}.Release|x86.ActiveCfg = Release|Any CPU
		{D8412868-F6BA-4511-9502-C3672635F554}.Release|x86.Build.0 = Release|Any CPU
		{C8AAF5CA-6C8B-427C-8EFC-459931B92B73}.Debug|Any CPU.ActiveCfg = Debug|Any CPU
		{C8AAF5CA-6C8B-427C-8EFC-459931B92B73}.Debug|Any CPU.Build.0 = Debug|Any CPU
		{C8AAF5CA-6C8B-427C-8EFC-459931B92B73}.Debug|x64.ActiveCfg = Debug|Any CPU
		{C8AAF5CA-6C8B-427C-8EFC-459931B92B73}.Debug|x64.Build.0 = Debug|Any CPU
		{C8AAF5CA-6C8B-427C-8EFC-459931B92B73}.Debug|x86.ActiveCfg = Debug|Any CPU
		{C8AAF5CA-6C8B-427C-8EFC-459931B92B73}.Debug|x86.Build.0 = Debug|Any CPU
		{C8AAF5CA-6C8B-427C-8EFC-459931B92B73}.Release|Any CPU.ActiveCfg = Release|Any CPU
		{C8AAF5CA-6C8B-427C-8EFC-459931B92B73}.Release|Any CPU.Build.0 = Release|Any CPU
		{C8AAF5CA-6C8B-427C-8EFC-459931B92B73}.Release|x64.ActiveCfg = Release|Any CPU
		{C8AAF5CA-6C8B-427C-8EFC-459931B92B73}.Release|x64.Build.0 = Release|Any CPU
		{C8AAF5CA-6C8B-427C-8EFC-459931B92B73}.Release|x86.ActiveCfg = Release|Any CPU
		{C8AAF5CA-6C8B-427C-8EFC-459931B92B73}.Release|x86.Build.0 = Release|Any CPU
		{9DFE78DE-B04E-43AC-A4EC-9768A4E09C8E}.Debug|Any CPU.ActiveCfg = Debug|Any CPU
		{9DFE78DE-B04E-43AC-A4EC-9768A4E09C8E}.Debug|Any CPU.Build.0 = Debug|Any CPU
		{9DFE78DE-B04E-43AC-A4EC-9768A4E09C8E}.Debug|x64.ActiveCfg = Debug|Any CPU
		{9DFE78DE-B04E-43AC-A4EC-9768A4E09C8E}.Debug|x64.Build.0 = Debug|Any CPU
		{9DFE78DE-B04E-43AC-A4EC-9768A4E09C8E}.Debug|x86.ActiveCfg = Debug|Any CPU
		{9DFE78DE-B04E-43AC-A4EC-9768A4E09C8E}.Debug|x86.Build.0 = Debug|Any CPU
		{9DFE78DE-B04E-43AC-A4EC-9768A4E09C8E}.Release|Any CPU.ActiveCfg = Release|Any CPU
		{9DFE78DE-B04E-43AC-A4EC-9768A4E09C8E}.Release|Any CPU.Build.0 = Release|Any CPU
		{9DFE78DE-B04E-43AC-A4EC-9768A4E09C8E}.Release|x64.ActiveCfg = Release|Any CPU
		{9DFE78DE-B04E-43AC-A4EC-9768A4E09C8E}.Release|x64.Build.0 = Release|Any CPU
		{9DFE78DE-B04E-43AC-A4EC-9768A4E09C8E}.Release|x86.ActiveCfg = Release|Any CPU
		{9DFE78DE-B04E-43AC-A4EC-9768A4E09C8E}.Release|x86.Build.0 = Release|Any CPU
		{9CD533F2-870B-44B0-863F-EECD31CB78C5}.Debug|Any CPU.ActiveCfg = Debug|Any CPU
		{9CD533F2-870B-44B0-863F-EECD31CB78C5}.Debug|Any CPU.Build.0 = Debug|Any CPU
		{9CD533F2-870B-44B0-863F-EECD31CB78C5}.Debug|x64.ActiveCfg = Debug|Any CPU
		{9CD533F2-870B-44B0-863F-EECD31CB78C5}.Debug|x64.Build.0 = Debug|Any CPU
		{9CD533F2-870B-44B0-863F-EECD31CB78C5}.Debug|x86.ActiveCfg = Debug|Any CPU
		{9CD533F2-870B-44B0-863F-EECD31CB78C5}.Debug|x86.Build.0 = Debug|Any CPU
		{9CD533F2-870B-44B0-863F-EECD31CB78C5}.Release|Any CPU.ActiveCfg = Release|Any CPU
		{9CD533F2-870B-44B0-863F-EECD31CB78C5}.Release|Any CPU.Build.0 = Release|Any CPU
		{9CD533F2-870B-44B0-863F-EECD31CB78C5}.Release|x64.ActiveCfg = Release|Any CPU
		{9CD533F2-870B-44B0-863F-EECD31CB78C5}.Release|x64.Build.0 = Release|Any CPU
		{9CD533F2-870B-44B0-863F-EECD31CB78C5}.Release|x86.ActiveCfg = Release|Any CPU
		{9CD533F2-870B-44B0-863F-EECD31CB78C5}.Release|x86.Build.0 = Release|Any CPU
		{2C1789B6-0E37-4571-A3E5-B2BCEB4C3F31}.Debug|Any CPU.ActiveCfg = Debug|Any CPU
		{2C1789B6-0E37-4571-A3E5-B2BCEB4C3F31}.Debug|Any CPU.Build.0 = Debug|Any CPU
		{2C1789B6-0E37-4571-A3E5-B2BCEB4C3F31}.Debug|x64.ActiveCfg = Debug|Any CPU
		{2C1789B6-0E37-4571-A3E5-B2BCEB4C3F31}.Debug|x64.Build.0 = Debug|Any CPU
		{2C1789B6-0E37-4571-A3E5-B2BCEB4C3F31}.Debug|x86.ActiveCfg = Debug|Any CPU
		{2C1789B6-0E37-4571-A3E5-B2BCEB4C3F31}.Debug|x86.Build.0 = Debug|Any CPU
		{2C1789B6-0E37-4571-A3E5-B2BCEB4C3F31}.Release|Any CPU.ActiveCfg = Release|Any CPU
		{2C1789B6-0E37-4571-A3E5-B2BCEB4C3F31}.Release|Any CPU.Build.0 = Release|Any CPU
		{2C1789B6-0E37-4571-A3E5-B2BCEB4C3F31}.Release|x64.ActiveCfg = Release|Any CPU
		{2C1789B6-0E37-4571-A3E5-B2BCEB4C3F31}.Release|x64.Build.0 = Release|Any CPU
		{2C1789B6-0E37-4571-A3E5-B2BCEB4C3F31}.Release|x86.ActiveCfg = Release|Any CPU
		{2C1789B6-0E37-4571-A3E5-B2BCEB4C3F31}.Release|x86.Build.0 = Release|Any CPU
		{233DD0EB-9734-4D00-AF1F-FEAC72013CD0}.Debug|Any CPU.ActiveCfg = Debug|Any CPU
		{233DD0EB-9734-4D00-AF1F-FEAC72013CD0}.Debug|Any CPU.Build.0 = Debug|Any CPU
		{233DD0EB-9734-4D00-AF1F-FEAC72013CD0}.Debug|x64.ActiveCfg = Debug|Any CPU
		{233DD0EB-9734-4D00-AF1F-FEAC72013CD0}.Debug|x64.Build.0 = Debug|Any CPU
		{233DD0EB-9734-4D00-AF1F-FEAC72013CD0}.Debug|x86.ActiveCfg = Debug|Any CPU
		{233DD0EB-9734-4D00-AF1F-FEAC72013CD0}.Debug|x86.Build.0 = Debug|Any CPU
		{233DD0EB-9734-4D00-AF1F-FEAC72013CD0}.Release|Any CPU.ActiveCfg = Release|Any CPU
		{233DD0EB-9734-4D00-AF1F-FEAC72013CD0}.Release|Any CPU.Build.0 = Release|Any CPU
		{233DD0EB-9734-4D00-AF1F-FEAC72013CD0}.Release|x64.ActiveCfg = Release|Any CPU
		{233DD0EB-9734-4D00-AF1F-FEAC72013CD0}.Release|x64.Build.0 = Release|Any CPU
		{233DD0EB-9734-4D00-AF1F-FEAC72013CD0}.Release|x86.ActiveCfg = Release|Any CPU
		{233DD0EB-9734-4D00-AF1F-FEAC72013CD0}.Release|x86.Build.0 = Release|Any CPU
	EndGlobalSection
	GlobalSection(SolutionProperties) = preSolution
		HideSolutionNode = FALSE
	EndGlobalSection
	GlobalSection(NestedProjects) = preSolution
		{FE360695-3F2B-1049-3887-35FBB5135923} = {827E0CD3-B72D-47B6-A68D-7590B98EB39B}
		{3F109E7C-D553-4A91-8710-B11BD28900A3} = {FE360695-3F2B-1049-3887-35FBB5135923}
		{57CC91BD-F083-4A78-A45B-EA2C92333CB7} = {FE360695-3F2B-1049-3887-35FBB5135923}
		{7B12FE7B-C85F-4EF1-8373-D8F68A836B28} = {FE360695-3F2B-1049-3887-35FBB5135923}
		{E10DA761-4291-429E-913B-8154F451034F} = {FE360695-3F2B-1049-3887-35FBB5135923}
		{D8412868-F6BA-4511-9502-C3672635F554} = {FE360695-3F2B-1049-3887-35FBB5135923}
		{C8AAF5CA-6C8B-427C-8EFC-459931B92B73} = {FE360695-3F2B-1049-3887-35FBB5135923}
		{9DFE78DE-B04E-43AC-A4EC-9768A4E09C8E} = {FE360695-3F2B-1049-3887-35FBB5135923}
		{9CD533F2-870B-44B0-863F-EECD31CB78C5} = {FE360695-3F2B-1049-3887-35FBB5135923}
		{2C1789B6-0E37-4571-A3E5-B2BCEB4C3F31} = {FE360695-3F2B-1049-3887-35FBB5135923}
		{233DD0EB-9734-4D00-AF1F-FEAC72013CD0} = {FE360695-3F2B-1049-3887-35FBB5135923}
	EndGlobalSection
EndGlobal
